<?xml version="1.0" encoding="utf-8"?>
<Project ToolsVersion="4.0" xmlns="http://schemas.microsoft.com/developer/msbuild/2003">
  <ItemGroup>
    <ClCompile Include="src\il2cpp\framework\helpers.cpp">
      <Filter>Source Files\il2cpp\framework</Filter>
    </ClCompile>
    <ClCompile Include="src\il2cpp\framework\il2cpp-init.cpp">
      <Filter>Source Files\il2cpp\framework</Filter>
    </ClCompile>
    <ClCompile Include="src\main.cpp">
      <Filter>Source Files</Filter>
    </ClCompile>
  </ItemGroup>
  <ItemGroup>
    <ClInclude Include="src\il2cpp\appdata\il2cpp-api-functions.h">
      <Filter>Source Files\il2cpp\appdata</Filter>
    </ClInclude>
    <ClInclude Include="src\il2cpp\appdata\il2cpp-api-functions-ptr.h">
      <Filter>Source Files\il2cpp\appdata</Filter>
    </ClInclude>
    <ClInclude Include="src\il2cpp\appdata\il2cpp-functions.h">
      <Filter>Source Files\il2cpp\appdata</Filter>
    </ClInclude>
    <ClInclude Include="src\il2cpp\appdata\il2cpp-metadata-version.h">
      <Filter>Source Files\il2cpp\appdata</Filter>
    </ClInclude>
    <ClInclude Include="src\il2cpp\appdata\il2cpp-types.h">
      <Filter>Source Files\il2cpp\appdata</Filter>
    </ClInclude>
    <ClInclude Include="src\il2cpp\appdata\il2cpp-types-ptr.h">
      <Filter>Source Files\il2cpp\appdata</Filter>
    </ClInclude>
    <ClInclude Include="src\il2cpp\framework\helpers.h">
      <Filter>Source Files\il2cpp\framework</Filter>
    </ClInclude>
    <ClInclude Include="src\il2cpp\framework\il2cpp-appdata.h">
      <Filter>Source Files\il2cpp\framework</Filter>
    </ClInclude>
    <ClInclude Include="src\il2cpp\framework\il2cpp-init.h">
      <Filter>Source Files\il2cpp\framework</Filter>
    </ClInclude>
  </ItemGroup>
  <ItemGroup>
    <Filter Include="Source Files">
      <UniqueIdentifier>{c3991249-53d9-4663-b823-441c82806314}</UniqueIdentifier>
    </Filter>
    <Filter Include="Source Files\il2cpp">
      <UniqueIdentifier>{dc2bbb52-9536-4571-96a7-2149171c040e}</UniqueIdentifier>
    </Filter>
    <Filter Include="Source Files\il2cpp\appdata">
      <UniqueIdentifier>{546707ff-b898-48af-8038-b7dd4817781d}</UniqueIdentifier>
    </Filter>
    <Filter Include="Source Files\il2cpp\framework">
      <UniqueIdentifier>{d7579c01-2e7e-42c3-9c03-4525d63f9370}</UniqueIdentifier>
    </Filter>
  </ItemGroup>
</Project>